
Microsoft Visual Studio Solution File, Format Version 12.00
# Visual Studio Version 17
VisualStudioVersion = 17.7.34018.315
MinimumVisualStudioVersion = 10.0.40219.1
Project("{FAE04EC0-301F-11D3-BF4B-00C04F79EFBC}") = "2- idades", "2- idades\2- idades.csproj", "{8D7BC8E0-42EF-4B03-8057-BF0348B34270}"
EndProject
Global
	GlobalSection(SolutionConfigurationPlatforms) = preSolution
		Debug|Any CPU = Debug|Any CPU
		Release|Any CPU = Release|Any CPU
	EndGlobalSection
	GlobalSection(ProjectConfigurationPlatforms) = postSolution
		{8D7BC8E0-42EF-4B03-8057-BF0348B34270}.Debug|Any CPU.ActiveCfg = Debug|Any CPU
		{8D7BC8E0-42EF-4B03-8057-BF0348B34270}.Debug|Any CPU.Build.0 = Debug|Any CPU
		{8D7BC8E0-42EF-4B03-8057-BF0348B34270}.Release|Any CPU.ActiveCfg = Release|Any CPU
		{8D7BC8E0-42EF-4B03-8057-BF0348B34270}.Release|Any CPU.Build.0 = Release|Any CPU
	EndGlobalSection
	GlobalSection(SolutionProperties) = preSolution
		HideSolutionNode = FALSE
	EndGlobalSection
	GlobalSection(ExtensibilityGlobals) = postSolution
		SolutionGuid = {F8FB4A2D-5ACA-43B2-9A9F-29B4982D9D3B}
	EndGlobalSection
EndGlobal
