
Microsoft Visual Studio Solution File, Format Version 12.00
# Visual Studio Version 17
VisualStudioVersion = 17.7.34018.315
MinimumVisualStudioVersion = 10.0.40219.1
Project("{FAE04EC0-301F-11D3-BF4B-00C04F79EFBC}") = "crescente", "crescente\crescente.csproj", "{AC48907F-1025-4454-80B8-A1A8997D7408}"
EndProject
Global
	GlobalSection(SolutionConfigurationPlatforms) = preSolution
		Debug|Any CPU = Debug|Any CPU
		Release|Any CPU = Release|Any CPU
	EndGlobalSection
	GlobalSection(ProjectConfigurationPlatforms) = postSolution
		{AC48907F-1025-4454-80B8-A1A8997D7408}.Debug|Any CPU.ActiveCfg = Debug|Any CPU
		{AC48907F-1025-4454-80B8-A1A8997D7408}.Debug|Any CPU.Build.0 = Debug|Any CPU
		{AC48907F-1025-4454-80B8-A1A8997D7408}.Release|Any CPU.ActiveCfg = Release|Any CPU
		{AC48907F-1025-4454-80B8-A1A8997D7408}.Release|Any CPU.Build.0 = Release|Any CPU
	EndGlobalSection
	GlobalSection(SolutionProperties) = preSolution
		HideSolutionNode = FALSE
	EndGlobalSection
	GlobalSection(ExtensibilityGlobals) = postSolution
		SolutionGuid = {505865C0-F2E6-4DFE-BA6A-8C9B132AE153}
	EndGlobalSection
EndGlobal
