
Microsoft Visual Studio Solution File, Format Version 12.00
# Visual Studio Version 17
VisualStudioVersion = 17.7.34018.315
MinimumVisualStudioVersion = 10.0.40219.1
Project("{FAE04EC0-301F-11D3-BF4B-00C04F79EFBC}") = "6- soma_vetor", "6- soma_vetor\6- soma_vetor.csproj", "{885902FD-02EA-491C-82E6-6B2D496FF416}"
EndProject
Global
	GlobalSection(SolutionConfigurationPlatforms) = preSolution
		Debug|Any CPU = Debug|Any CPU
		Release|Any CPU = Release|Any CPU
	EndGlobalSection
	GlobalSection(ProjectConfigurationPlatforms) = postSolution
		{885902FD-02EA-491C-82E6-6B2D496FF416}.Debug|Any CPU.ActiveCfg = Debug|Any CPU
		{885902FD-02EA-491C-82E6-6B2D496FF416}.Debug|Any CPU.Build.0 = Debug|Any CPU
		{885902FD-02EA-491C-82E6-6B2D496FF416}.Release|Any CPU.ActiveCfg = Release|Any CPU
		{885902FD-02EA-491C-82E6-6B2D496FF416}.Release|Any CPU.Build.0 = Release|Any CPU
	EndGlobalSection
	GlobalSection(SolutionProperties) = preSolution
		HideSolutionNode = FALSE
	EndGlobalSection
	GlobalSection(ExtensibilityGlobals) = postSolution
		SolutionGuid = {663A85EE-58AA-4B62-A794-4C477BD4DF20}
	EndGlobalSection
EndGlobal
